
Microsoft Visual Studio Solution File, Format Version 12.00
# Visual Studio Version 17
VisualStudioVersion = 17.6.33815.320
MinimumVisualStudioVersion = 10.0.40219.1
Project("{FAE04EC0-301F-11D3-BF4B-00C04F79EFBC}") = "CountryDropApp", "CountryDropApp.csproj", "{07406ABA-9A2E-4A96-B6CC-84F36B0E0D29}"
EndProject
Global
	GlobalSection(SolutionConfigurationPlatforms) = preSolution
		Debug|Any CPU = Debug|Any CPU
		Release|Any CPU = Release|Any CPU
	EndGlobalSection
	GlobalSection(ProjectConfigurationPlatforms) = postSolution
		{07406ABA-9A2E-4A96-B6CC-84F36B0E0D29}.Debug|Any CPU.ActiveCfg = Debug|Any CPU
		{07406ABA-9A2E-4A96-B6CC-84F36B0E0D29}.Debug|Any CPU.Build.0 = Debug|Any CPU
		{07406ABA-9A2E-4A96-B6CC-84F36B0E0D29}.Release|Any CPU.ActiveCfg = Release|Any CPU
		{07406ABA-9A2E-4A96-B6CC-84F36B0E0D29}.Release|Any CPU.Build.0 = Release|Any CPU
	EndGlobalSection
	GlobalSection(SolutionProperties) = preSolution
		HideSolutionNode = FALSE
	EndGlobalSection
	GlobalSection(ExtensibilityGlobals) = postSolution
		SolutionGuid = {51BFF5AD-DC2C-4C87-8BE2-12615582C989}
	EndGlobalSection
EndGlobal
